// !$*UTF8*$!
{
	archiveVersion = 1;
	classes = {
	};
	objectVersion = 46;
	objects = {

/* Begin PBXBuildFile section */
		3879F4351A7A3CFA0061D306 /* main.m in Sources */ = {isa = PBXBuildFile; fileRef = 3879F4341A7A3CFA0061D306 /* main.m */; };
		3879F4381A7A3CFA0061D306 /* AppDelegate.m in Sources */ = {isa = PBXBuildFile; fileRef = 3879F4371A7A3CFA0061D306 /* AppDelegate.m */; };
		3879F43B1A7A3CFA0061D306 /* ViewController.m in Sources */ = {isa = PBXBuildFile; fileRef = 3879F43A1A7A3CFA0061D306 /* ViewController.m */; };
		3879F43E1A7A3CFA0061D306 /* Main.storyboard in Resources */ = {isa = PBXBuildFile; fileRef = 3879F43C1A7A3CFA0061D306 /* Main.storyboard */; };
		3879F4401A7A3CFA0061D306 /* Images.xcassets in Resources */ = {isa = PBXBuildFile; fileRef = 3879F43F1A7A3CFA0061D306 /* Images.xcassets */; };
		3879F4431A7A3CFA0061D306 /* LaunchScreen.xib in Resources */ = {isa = PBXBuildFile; fileRef = 3879F4411A7A3CFA0061D306 /* LaunchScreen.xib */; };
		3879F44F1A7A3CFA0061D306 /* TESTContrainerTests.m in Sources */ = {isa = PBXBuildFile; fileRef = 3879F44E1A7A3CFA0061D306 /* TESTContrainerTests.m */; };
		3879F4591A7A3DC50061D306 /* View.xib in Resources */ = {isa = PBXBuildFile; fileRef = 3879F4581A7A3DC50061D306 /* View.xib */; };
		3879F45C1A7A416F0061D306 /* Page1.m in Sources */ = {isa = PBXBuildFile; fileRef = 3879F45B1A7A416F0061D306 /* Page1.m */; };
		3879F45F1A7A41800061D306 /* Page2.m in Sources */ = {isa = PBXBuildFile; fileRef = 3879F45E1A7A41800061D306 /* Page2.m */; };
		3879F4621A7A43E70061D306 /* ContainerController.m in Sources */ = {isa = PBXBuildFile; fileRef = 3879F4611A7A43E70061D306 /* ContainerController.m */; };
/* End PBXBuildFile section */

/* Begin PBXContainerItemProxy section */
		3879F4491A7A3CFA0061D306 /* PBXContainerItemProxy */ = {
			isa = PBXContainerItemProxy;
			containerPortal = 3879F4271A7A3CFA0061D306 /* Project object */;
			proxyType = 1;
			remoteGlobalIDString = 3879F42E1A7A3CFA0061D306;
			remoteInfo = TESTContrainer;
		};
/* End PBXContainerItemProxy section */

/* Begin PBXFileReference section */
		3879F42F1A7A3CFA0061D306 /* TESTContrainer.app */ = {isa = PBXFileReference; explicitFileType = wrapper.application; includeInIndex = 0; path = TESTContrainer.app; sourceTree = BUILT_PRODUCTS_DIR; };
		3879F4331A7A3CFA0061D306 /* Info.plist */ = {isa = PBXFileReference; lastKnownFileType = text.plist.xml; path = Info.plist; sourceTree = "<group>"; };
		3879F4341A7A3CFA0061D306 /* main.m */ = {isa = PBXFileReference; lastKnownFileType = sourcecode.c.objc; path = main.m; sourceTree = "<group>"; };
		3879F4361A7A3CFA0061D306 /* AppDelegate.h */ = {isa = PBXFileReference; lastKnownFileType = sourcecode.c.h; path = AppDelegate.h; sourceTree = "<group>"; };
		3879F4371A7A3CFA0061D306 /* AppDelegate.m */ = {isa = PBXFileReference; lastKnownFileType = sourcecode.c.objc; path = AppDelegate.m; sourceTree = "<group>"; };
		3879F4391A7A3CFA0061D306 /* ViewController.h */ = {isa = PBXFileReference; lastKnownFileType = sourcecode.c.h; path = ViewController.h; sourceTree = "<group>"; };
		3879F43A1A7A3CFA0061D306 /* ViewController.m */ = {isa = PBXFileReference; lastKnownFileType = sourcecode.c.objc; path = ViewController.m; sourceTree = "<group>"; };
		3879F43D1A7A3CFA0061D306 /* Base */ = {isa = PBXFileReference; lastKnownFileType = file.storyboard; name = Base; path = Base.lproj/Main.storyboard; sourceTree = "<group>"; };
		3879F43F1A7A3CFA0061D306 /* Images.xcassets */ = {isa = PBXFileReference; lastKnownFileType = folder.assetcatalog; path = Images.xcassets; sourceTree = "<group>"; };
		3879F4421A7A3CFA0061D306 /* Base */ = {isa = PBXFileReference; lastKnownFileType = file.xib; name = Base; path = Base.lproj/LaunchScreen.xib; sourceTree = "<group>"; };
		3879F4481A7A3CFA0061D306 /* TESTContrainerTests.xctest */ = {isa = PBXFileReference; explicitFileType = wrapper.cfbundle; includeInIndex = 0; path = TESTContrainerTests.xctest; sourceTree = BUILT_PRODUCTS_DIR; };
		3879F44D1A7A3CFA0061D306 /* Info.plist */ = {isa = PBXFileReference; lastKnownFileType = text.plist.xml; path = Info.plist; sourceTree = "<group>"; };
		3879F44E1A7A3CFA0061D306 /* TESTContrainerTests.m */ = {isa = PBXFileReference; lastKnownFileType = sourcecode.c.objc; path = TESTContrainerTests.m; sourceTree = "<group>"; };
		3879F4581A7A3DC50061D306 /* View.xib */ = {isa = PBXFileReference; fileEncoding = 4; lastKnownFileType = file.xib; path = View.xib; sourceTree = "<group>"; };
		3879F45A1A7A416F0061D306 /* Page1.h */ = {isa = PBXFileReference; fileEncoding = 4; lastKnownFileType = sourcecode.c.h; path = Page1.h; sourceTree = "<group>"; };
		3879F45B1A7A416F0061D306 /* Page1.m */ = {isa = PBXFileReference; fileEncoding = 4; lastKnownFileType = sourcecode.c.objc; path = Page1.m; sourceTree = "<group>"; };
		3879F45D1A7A41800061D306 /* Page2.h */ = {isa = PBXFileReference; fileEncoding = 4; lastKnownFileType = sourcecode.c.h; path = Page2.h; sourceTree = "<group>"; };
		3879F45E1A7A41800061D306 /* Page2.m */ = {isa = PBXFileReference; fileEncoding = 4; lastKnownFileType = sourcecode.c.objc; path = Page2.m; sourceTree = "<group>"; };
		3879F4601A7A43E70061D306 /* ContainerController.h */ = {isa = PBXFileReference; fileEncoding = 4; lastKnownFileType = sourcecode.c.h; path = ContainerController.h; sourceTree = "<group>"; };
		3879F4611A7A43E70061D306 /* ContainerController.m */ = {isa = PBXFileReference; fileEncoding = 4; lastKnownFileType = sourcecode.c.objc; path = ContainerController.m; sourceTree = "<group>"; };
/* End PBXFileReference section */

/* Begin PBXFrameworksBuildPhase section */
		3879F42C1A7A3CFA0061D306 /* Frameworks */ = {
			isa = PBXFrameworksBuildPhase;
			buildActionMask = 2147483647;
			files = (
			);
			runOnlyForDeploymentPostprocessing = 0;
		};
		3879F4451A7A3CFA0061D306 /* Frameworks */ = {
			isa = PBXFrameworksBuildPhase;
			buildActionMask = 2147483647;
			files = (
			);
			runOnlyForDeploymentPostprocessing = 0;
		};
/* End PBXFrameworksBuildPhase section */

/* Begin PBXGroup section */
		3879F4261A7A3CFA0061D306 = {
			isa = PBXGroup;
			children = (
				3879F4311A7A3CFA0061D306 /* TESTContrainer */,
				3879F44B1A7A3CFA0061D306 /* TESTContrainerTests */,
				3879F4301A7A3CFA0061D306 /* Products */,
			);
			sourceTree = "<group>";
		};
		3879F4301A7A3CFA0061D306 /* Products */ = {
			isa = PBXGroup;
			children = (
				3879F42F1A7A3CFA0061D306 /* TESTContrainer.app */,
				3879F4481A7A3CFA0061D306 /* TESTContrainerTests.xctest */,
			);
			name = Products;
			sourceTree = "<group>";
		};
		3879F4311A7A3CFA0061D306 /* TESTContrainer */ = {
			isa = PBXGroup;
			children = (
				3879F4361A7A3CFA0061D306 /* AppDelegate.h */,
				3879F4371A7A3CFA0061D306 /* AppDelegate.m */,
				3879F4391A7A3CFA0061D306 /* ViewController.h */,
				3879F43A1A7A3CFA0061D306 /* ViewController.m */,
				3879F43C1A7A3CFA0061D306 /* Main.storyboard */,
				3879F45A1A7A416F0061D306 /* Page1.h */,
				3879F45B1A7A416F0061D306 /* Page1.m */,
				3879F45D1A7A41800061D306 /* Page2.h */,
				3879F45E1A7A41800061D306 /* Page2.m */,
				3879F4601A7A43E70061D306 /* ContainerController.h */,
				3879F4611A7A43E70061D306 /* ContainerController.m */,
				3879F43F1A7A3CFA0061D306 /* Images.xcassets */,
				3879F4411A7A3CFA0061D306 /* LaunchScreen.xib */,
				3879F4321A7A3CFA0061D306 /* Supporting Files */,
				3879F4581A7A3DC50061D306 /* View.xib */,
			);
			path = TESTContrainer;
			sourceTree = "<group>";
		};
		3879F4321A7A3CFA0061D306 /* Supporting Files */ = {
			isa = PBXGroup;
			children = (
				3879F4331A7A3CFA0061D306 /* Info.plist */,
				3879F4341A7A3CFA0061D306 /* main.m */,
			);
			name = "Supporting Files";
			sourceTree = "<group>";
		};
		3879F44B1A7A3CFA0061D306 /* TESTContrainerTests */ = {
			isa = PBXGroup;
			children = (
				3879F44E1A7A3CFA0061D306 /* TESTContrainerTests.m */,
				3879F44C1A7A3CFA0061D306 /* Supporting Files */,
			);
			path = TESTContrainerTests;
			sourceTree = "<group>";
		};
		3879F44C1A7A3CFA0061D306 /* Supporting Files */ = {
			isa = PBXGroup;
			children = (
				3879F44D1A7A3CFA0061D306 /* Info.plist */,
			);
			name = "Supporting Files";
			sourceTree = "<group>";
		};
/* End PBXGroup section */

/* Begin PBXNativeTarget section */
		3879F42E1A7A3CFA0061D306 /* TESTContrainer */ = {
			isa = PBXNativeTarget;
			buildConfigurationList = 3879F4521A7A3CFA0061D306 /* Build configuration list for PBXNativeTarget "TESTContrainer" */;
			buildPhases = (
				3879F42B1A7A3CFA0061D306 /* Sources */,
				3879F42C1A7A3CFA0061D306 /* Frameworks */,
				3879F42D1A7A3CFA0061D306 /* Resources */,
			);
			buildRules = (
			);
			dependencies = (
			);
			name = TESTContrainer;
			productName = TESTContrainer;
			productReference = 3879F42F1A7A3CFA0061D306 /* TESTContrainer.app */;
			productType = "com.apple.product-type.application";
		};
		3879F4471A7A3CFA0061D306 /* TESTContrainerTests */ = {
			isa = PBXNativeTarget;
			buildConfigurationList = 3879F4551A7A3CFA0061D306 /* Build configuration list for PBXNativeTarget "TESTContrainerTests" */;
			buildPhases = (
				3879F4441A7A3CFA0061D306 /* Sources */,
				3879F4451A7A3CFA0061D306 /* Frameworks */,
				3879F4461A7A3CFA0061D306 /* Resources */,
			);
			buildRules = (
			);
			dependencies = (
				3879F44A1A7A3CFA0061D306 /* PBXTargetDependency */,
			);
			name = TESTContrainerTests;
			productName = TESTContrainerTests;
			productReference = 3879F4481A7A3CFA0061D306 /* TESTContrainerTests.xctest */;
			productType = "com.apple.product-type.bundle.unit-test";
		};
/* End PBXNativeTarget section */

/* Begin PBXProject section */
		3879F4271A7A3CFA0061D306 /* Project object */ = {
			isa = PBXProject;
			attributes = {
				LastUpgradeCheck = 0610;
				ORGANIZATIONNAME = "Chawatvish Worrapoj";
				TargetAttributes = {
					3879F42E1A7A3CFA0061D306 = {
						CreatedOnToolsVersion = 6.1.1;
					};
					3879F4471A7A3CFA0061D306 = {
						CreatedOnToolsVersion = 6.1.1;
						TestTargetID = 3879F42E1A7A3CFA0061D306;
					};
				};
			};
			buildConfigurationList = 3879F42A1A7A3CFA0061D306 /* Build configuration list for PBXProject "TESTContrainer" */;
			compatibilityVersion = "Xcode 3.2";
			developmentRegion = English;
			hasScannedForEncodings = 0;
			knownRegions = (
				en,
				Base,
			);
			mainGroup = 3879F4261A7A3CFA0061D306;
			productRefGroup = 3879F4301A7A3CFA0061D306 /* Products */;
			projectDirPath = "";
			projectRoot = "";
			targets = (
				3879F42E1A7A3CFA0061D306 /* TESTContrainer */,
				3879F4471A7A3CFA0061D306 /* TESTContrainerTests */,
			);
		};
/* End PBXProject section */

/* Begin PBXResourcesBuildPhase section */
		3879F42D1A7A3CFA0061D306 /* Resources */ = {
			isa = PBXResourcesBuildPhase;
			buildActionMask = 2147483647;
			files = (
				3879F4591A7A3DC50061D306 /* View.xib in Resources */,
				3879F43E1A7A3CFA0061D306 /* Main.storyboard in Resources */,
				3879F4431A7A3CFA0061D306 /* LaunchScreen.xib in Resources */,
				3879F4401A7A3CFA0061D306 /* Images.xcassets in Resources */,
			);
			runOnlyForDeploymentPostprocessing = 0;
		};
		3879F4461A7A3CFA0061D306 /* Resources */ = {
			isa = PBXResourcesBuildPhase;
			buildActionMask = 2147483647;
			files = (
			);
			runOnlyForDeploymentPostprocessing = 0;
		};
/* End PBXResourcesBuildPhase section */

/* Begin PBXSourcesBuildPhase section */
		3879F42B1A7A3CFA0061D306 /* Sources */ = {
			isa = PBXSourcesBuildPhase;
			buildActionMask = 2147483647;
			files = (
				3879F45C1A7A416F0061D306 /* Page1.m in Sources */,
				3879F43B1A7A3CFA0061D306 /* ViewController.m in Sources */,
				3879F4381A7A3CFA0061D306 /* AppDelegate.m in Sources */,
				3879F4621A7A43E70061D306 /* ContainerController.m in Sources */,
				3879F4351A7A3CFA0061D306 /* main.m in Sources */,
				3879F45F1A7A41800061D306 /* Page2.m in Sources */,
			);
			runOnlyForDeploymentPostprocessing = 0;
		};
		3879F4441A7A3CFA0061D306 /* Sources */ = {
			isa = PBXSourcesBuildPhase;
			buildActionMask = 2147483647;
			files = (
				3879F44F1A7A3CFA0061D306 /* TESTContrainerTests.m in Sources */,
			);
			runOnlyForDeploymentPostprocessing = 0;
		};
/* End PBXSourcesBuildPhase section */

/* Begin PBXTargetDependency section */
		3879F44A1A7A3CFA0061D306 /* PBXTargetDependency */ = {
			isa = PBXTargetDependency;
			target = 3879F42E1A7A3CFA0061D306 /* TESTContrainer */;
			targetProxy = 3879F4491A7A3CFA0061D306 /* PBXContainerItemProxy */;
		};
/* End PBXTargetDependency section */

/* Begin PBXVariantGroup section */
		3879F43C1A7A3CFA0061D306 /* Main.storyboard */ = {
			isa = PBXVariantGroup;
			children = (
				3879F43D1A7A3CFA0061D306 /* Base */,
			);
			name = Main.storyboard;
			sourceTree = "<group>";
		};
		3879F4411A7A3CFA0061D306 /* LaunchScreen.xib */ = {
			isa = PBXVariantGroup;
			children = (
				3879F4421A7A3CFA0061D306 /* Base */,
			);
			name = LaunchScreen.xib;
			sourceTree = "<group>";
		};
/* End PBXVariantGroup section */

/* Begin XCBuildConfiguration section */
		3879F4501A7A3CFA0061D306 /* Debug */ = {
			isa = XCBuildConfiguration;
			buildSettings = {
				ALWAYS_SEARCH_USER_PATHS = NO;
				CLANG_CXX_LANGUAGE_STANDARD = "gnu++0x";
				CLANG_CXX_LIBRARY = "libc++";
				CLANG_ENABLE_MODULES = YES;
				CLANG_ENABLE_OBJC_ARC = YES;
				CLANG_WARN_BOOL_CONVERSION = YES;
				CLANG_WARN_CONSTANT_CONVERSION = YES;
				CLANG_WARN_DIRECT_OBJC_ISA_USAGE = YES_ERROR;
				CLANG_WARN_EMPTY_BODY = YES;
				CLANG_WARN_ENUM_CONVERSION = YES;
				CLANG_WARN_INT_CONVERSION = YES;
				CLANG_WARN_OBJC_ROOT_CLASS = YES_ERROR;
				CLANG_WARN_UNREACHABLE_CODE = YES;
				CLANG_WARN__DUPLICATE_METHOD_MATCH = YES;
				"CODE_SIGN_IDENTITY[sdk=iphoneos*]" = "iPhone Developer";
				COPY_PHASE_STRIP = NO;
				ENABLE_STRICT_OBJC_MSGSEND = YES;
				GCC_C_LANGUAGE_STANDARD = gnu99;
				GCC_DYNAMIC_NO_PIC = NO;
				GCC_OPTIMIZATION_LEVEL = 0;
				GCC_PREPROCESSOR_DEFINITIONS = (
					"DEBUG=1",
					"$(inherited)",
				);
				GCC_SYMBOLS_PRIVATE_EXTERN = NO;
				GCC_WARN_64_TO_32_BIT_CONVERSION = YES;
				GCC_WARN_ABOUT_RETURN_TYPE = YES_ERROR;
				GCC_WARN_UNDECLARED_SELECTOR = YES;
				GCC_WARN_UNINITIALIZED_AUTOS = YES_AGGRESSIVE;
				GCC_WARN_UNUSED_FUNCTION = YES;
				GCC_WARN_UNUSED_VARIABLE = YES;
				IPHONEOS_DEPLOYMENT_TARGET = 8.1;
				MTL_ENABLE_DEBUG_INFO = YES;
				ONLY_ACTIVE_ARCH = YES;
				SDKROOT = iphoneos;
			};
			name = Debug;
		};
		3879F4511A7A3CFA0061D306 /* Release */ = {
			isa = XCBuildConfiguration;
			buildSettings = {
				ALWAYS_SEARCH_USER_PATHS = NO;
				CLANG_CXX_LANGUAGE_STANDARD = "gnu++0x";
				CLANG_CXX_LIBRARY = "libc++";
				CLANG_ENABLE_MODULES = YES;
				CLANG_ENABLE_OBJC_ARC = YES;
				CLANG_WARN_BOOL_CONVERSION = YES;
				CLANG_WARN_CONSTANT_CONVERSION = YES;
				CLANG_WARN_DIRECT_OBJC_ISA_USAGE = YES_ERROR;
				CLANG_WARN_EMPTY_BODY = YES;
				CLANG_WARN_ENUM_CONVERSION = YES;
				CLANG_WARN_INT_CONVERSION = YES;
				CLANG_WARN_OBJC_ROOT_CLASS = YES_ERROR;
				CLANG_WARN_UNREACHABLE_CODE = YES;
				CLANG_WARN__DUPLICATE_METHOD_MATCH = YES;
				"CODE_SIGN_IDENTITY[sdk=iphoneos*]" = "iPhone Developer";
				COPY_PHASE_STRIP = YES;
				ENABLE_NS_ASSERTIONS = NO;
				ENABLE_STRICT_OBJC_MSGSEND = YES;
				GCC_C_LANGUAGE_STANDARD = gnu99;
				GCC_WARN_64_TO_32_BIT_CONVERSION = YES;
				GCC_WARN_ABOUT_RETURN_TYPE = YES_ERROR;
				GCC_WARN_UNDECLARED_SELECTOR = YES;
				GCC_WARN_UNINITIALIZED_AUTOS = YES_AGGRESSIVE;
				GCC_WARN_UNUSED_FUNCTION = YES;
				GCC_WARN_UNUSED_VARIABLE = YES;
				IPHONEOS_DEPLOYMENT_TARGET = 8.1;
				MTL_ENABLE_DEBUG_INFO = NO;
				SDKROOT = iphoneos;
				VALIDATE_PRODUCT = YES;
			};
			name = Release;
		};
		3879F4531A7A3CFA0061D306 /* Debug */ = {
			isa = XCBuildConfiguration;
			buildSettings = {
				ASSETCATALOG_COMPILER_APPICON_NAME = AppIcon;
				INFOPLIST_FILE = TESTContrainer/Info.plist;
				LD_RUNPATH_SEARCH_PATHS = "$(inherited) @executable_path/Frameworks";
				PRODUCT_NAME = "$(TARGET_NAME)";
				TARGETED_DEVICE_FAMILY = 2;
			};
			name = Debug;
		};
		3879F4541A7A3CFA0061D306 /* Release */ = {
			isa = XCBuildConfiguration;
			buildSettings = {
				ASSETCATALOG_COMPILER_APPICON_NAME = AppIcon;
				INFOPLIST_FILE = TESTContrainer/Info.plist;
				LD_RUNPATH_SEARCH_PATHS = "$(inherited) @executable_path/Frameworks";
				PRODUCT_NAME = "$(TARGET_NAME)";
				TARGETED_DEVICE_FAMILY = 2;
			};
			name = Release;
		};
		3879F4561A7A3CFA0061D306 /* Debug */ = {
			isa = XCBuildConfiguration;
			buildSettings = {
				BUNDLE_LOADER = "$(TEST_HOST)";
				FRAMEWORK_SEARCH_PATHS = (
					"$(SDKROOT)/Developer/Library/Frameworks",
					"$(inherited)",
				);
				GCC_PREPROCESSOR_DEFINITIONS = (
					"DEBUG=1",
					"$(inherited)",
				);
				INFOPLIST_FILE = TESTContrainerTests/Info.plist;
				LD_RUNPATH_SEARCH_PATHS = "$(inherited) @executable_path/Frameworks @loader_path/Frameworks";
				PRODUCT_NAME = "$(TARGET_NAME)";
				TEST_HOST = "$(BUILT_PRODUCTS_DIR)/TESTContrainer.app/TESTContrainer";
			};
			name = Debug;
		};
		3879F4571A7A3CFA0061D306 /* Release */ = {
			isa = XCBuildConfiguration;
			buildSettings = {
				BUNDLE_LOADER = "$(TEST_HOST)";
				FRAMEWORK_SEARCH_PATHS = (
					"$(SDKROOT)/Developer/Library/Frameworks",
					"$(inherited)",
				);
				INFOPLIST_FILE = TESTContrainerTests/Info.plist;
				LD_RUNPATH_SEARCH_PATHS = "$(inherited) @executable_path/Frameworks @loader_path/Frameworks";
				PRODUCT_NAME = "$(TARGET_NAME)";
				TEST_HOST = "$(BUILT_PRODUCTS_DIR)/TESTContrainer.app/TESTContrainer";
			};
			name = Release;
		};
/* End XCBuildConfiguration section */

/* Begin XCConfigurationList section */
		3879F42A1A7A3CFA0061D306 /* Build configuration list for PBXProject "TESTContrainer" */ = {
			isa = XCConfigurationList;
			buildConfigurations = (
				3879F4501A7A3CFA0061D306 /* Debug */,
				3879F4511A7A3CFA0061D306 /* Release */,
			);
			defaultConfigurationIsVisible = 0;
			defaultConfigurationName = Release;
		};
		3879F4521A7A3CFA0061D306 /* Build configuration list for PBXNativeTarget "TESTContrainer" */ = {
			isa = XCConfigurationList;
			buildConfigurations = (
				3879F4531A7A3CFA0061D306 /* Debug */,
				3879F4541A7A3CFA0061D306 /* Release */,
			);
			defaultConfigurationIsVisible = 0;
			defaultConfigurationName = Release;
		};
		3879F4551A7A3CFA0061D306 /* Build configuration list for PBXNativeTarget "TESTContrainerTests" */ = {
			isa = XCConfigurationList;
			buildConfigurations = (
				3879F4561A7A3CFA0061D306 /* Debug */,
				3879F4571A7A3CFA0061D306 /* Release */,
			);
			defaultConfigurationIsVisible = 0;
			defaultConfigurationName = Release;
		};
/* End XCConfigurationList section */
	};
	rootObject = 3879F4271A7A3CFA0061D306 /* Project object */;
}
